
Microsoft Visual Studio Solution File, Format Version 12.00
# Visual Studio 2013
VisualStudioVersion = 12.0.31101.0
MinimumVisualStudioVersion = 10.0.40219.1
Project("{FAE04EC0-301F-11D3-BF4B-00C04F79EFBC}") = "ShangShuFang", "ShangShuFang\ShangShuFang.csproj", "{2C02DF74-DC74-43FC-9049-5EA403FB390D}"
EndProject
Project("{FAE04EC0-301F-11D3-BF4B-00C04F79EFBC}") = "ShangShuFang.Tests", "ShangShuFang.Tests\ShangShuFang.Tests.csproj", "{17A63256-3607-4E51-92F4-6F4CF1555298}"
EndProject
Project("{FAE04EC0-301F-11D3-BF4B-00C04F79EFBC}") = "Knockoutjs", "Knockoutjs\Knockoutjs.csproj", "{B9908FE0-FCAB-4A21-A3FB-155089B1E800}"
EndProject
Project("{FAE04EC0-301F-11D3-BF4B-00C04F79EFBC}") = "WebAPIDemo1", "WebAPIDemo1\WebAPIDemo1.csproj", "{C58057FC-000E-4DBF-ABD2-2699038383ED}"
EndProject
Project("{FAE04EC0-301F-11D3-BF4B-00C04F79EFBC}") = "WebAPIDemo2-BookService", "WebAPIDemo2-BookService\WebAPIDemo2-BookService.csproj", "{B49B98FF-16F3-40DE-90D5-D7C7BEEE7A56}"
EndProject
Global
	GlobalSection(SolutionConfigurationPlatforms) = preSolution
		Debug|Any CPU = Debug|Any CPU
		Release|Any CPU = Release|Any CPU
	EndGlobalSection
	GlobalSection(ProjectConfigurationPlatforms) = postSolution
		{2C02DF74-DC74-43FC-9049-5EA403FB390D}.Debug|Any CPU.ActiveCfg = Debug|Any CPU
		{2C02DF74-DC74-43FC-9049-5EA403FB390D}.Debug|Any CPU.Build.0 = Debug|Any CPU
		{2C02DF74-DC74-43FC-9049-5EA403FB390D}.Release|Any CPU.ActiveCfg = Release|Any CPU
		{2C02DF74-DC74-43FC-9049-5EA403FB390D}.Release|Any CPU.Build.0 = Release|Any CPU
		{17A63256-3607-4E51-92F4-6F4CF1555298}.Debug|Any CPU.ActiveCfg = Debug|Any CPU
		{17A63256-3607-4E51-92F4-6F4CF1555298}.Debug|Any CPU.Build.0 = Debug|Any CPU
		{17A63256-3607-4E51-92F4-6F4CF1555298}.Release|Any CPU.ActiveCfg = Release|Any CPU
		{17A63256-3607-4E51-92F4-6F4CF1555298}.Release|Any CPU.Build.0 = Release|Any CPU
		{B9908FE0-FCAB-4A21-A3FB-155089B1E800}.Debug|Any CPU.ActiveCfg = Debug|Any CPU
		{B9908FE0-FCAB-4A21-A3FB-155089B1E800}.Debug|Any CPU.Build.0 = Debug|Any CPU
		{B9908FE0-FCAB-4A21-A3FB-155089B1E800}.Release|Any CPU.ActiveCfg = Release|Any CPU
		{B9908FE0-FCAB-4A21-A3FB-155089B1E800}.Release|Any CPU.Build.0 = Release|Any CPU
		{C58057FC-000E-4DBF-ABD2-2699038383ED}.Debug|Any CPU.ActiveCfg = Debug|Any CPU
		{C58057FC-000E-4DBF-ABD2-2699038383ED}.Debug|Any CPU.Build.0 = Debug|Any CPU
		{C58057FC-000E-4DBF-ABD2-2699038383ED}.Release|Any CPU.ActiveCfg = Release|Any CPU
		{C58057FC-000E-4DBF-ABD2-2699038383ED}.Release|Any CPU.Build.0 = Release|Any CPU
		{B49B98FF-16F3-40DE-90D5-D7C7BEEE7A56}.Debug|Any CPU.ActiveCfg = Debug|Any CPU
		{B49B98FF-16F3-40DE-90D5-D7C7BEEE7A56}.Debug|Any CPU.Build.0 = Debug|Any CPU
		{B49B98FF-16F3-40DE-90D5-D7C7BEEE7A56}.Release|Any CPU.ActiveCfg = Release|Any CPU
		{B49B98FF-16F3-40DE-90D5-D7C7BEEE7A56}.Release|Any CPU.Build.0 = Release|Any CPU
	EndGlobalSection
	GlobalSection(SolutionProperties) = preSolution
		HideSolutionNode = FALSE
	EndGlobalSection
EndGlobal
